Microsoft Visual Studio Solution File, Format Version 12.00
# Visual Studio 2013
VisualStudioVersion = 12.0.30501.0
MinimumVisualStudioVersion = 10.0.40219.1
Project("{2150E333-8FDC-42A3-9474-1A3956D46DE8}") = ".nuget", ".nuget", "{1F1B4F0F-2998-4D74-865B-9122611C2B14}"
	ProjectSection(SolutionItems) = preProject
		.nuget\NuGet.Config = .nuget\NuGet.Config
		.nuget\NuGet.exe = .nuget\NuGet.exe
		.nuget\NuGet.targets = .nuget\NuGet.targets
	EndProjectSection
EndProject
Project("{2150E333-8FDC-42A3-9474-1A3956D46DE8}") = "docs", "docs", "{A6A6AF7D-D6E3-442D-9B1E-58CC91879BE1}"
EndProject
Project("{F2A71F9B-5D33-465A-A702-920D77279786}") = "FSCL.Compiler", "src\FSCL.Compiler\FSCL.Compiler.fsproj", "{52B857C3-C0D3-4280-B094-20FCE4BAD4B9}"
EndProject
Project("{2150E333-8FDC-42A3-9474-1A3956D46DE8}") = "project", "project", "{BF60BC93-E09B-4E5F-9D85-95A519479D54}"
	ProjectSection(SolutionItems) = preProject
		build.fsx = build.fsx
		nuget\FSCL.Compiler.nuspec = nuget\FSCL.Compiler.nuspec
		README.md = README.md
		RELEASE_NOTES.md = RELEASE_NOTES.md
	EndProjectSection
EndProject
Project("{2150E333-8FDC-42A3-9474-1A3956D46DE8}") = "tools", "tools", "{83F16175-43B1-4C90-A1EE-8E351C33435D}"
	ProjectSection(SolutionItems) = preProject
		docs\tools\generate.fsx = docs\tools\generate.fsx
		docs\tools\templates\template.cshtml = docs\tools\templates\template.cshtml
	EndProjectSection
EndProject
Project("{2150E333-8FDC-42A3-9474-1A3956D46DE8}") = "content", "content", "{8E6D5255-776D-4B61-85F9-73C37AA1FB9A}"
	ProjectSection(SolutionItems) = preProject
		docs\content\compilerConfigurationTutorial.fsx = docs\content\compilerConfigurationTutorial.fsx
		docs\content\compilerCustomisationTutorial.fsx = docs\content\compilerCustomisationTutorial.fsx
		docs\content\compilerInterfaceTutorial.fsx = docs\content\compilerInterfaceTutorial.fsx
		docs\content\dynamicMetadataTutorial.fsx = docs\content\dynamicMetadataTutorial.fsx
		docs\content\index.fsx = docs\content\index.fsx
		docs\content\kernelProgrammingTutorial.fsx = docs\content\kernelProgrammingTutorial.fsx
	EndProjectSection
EndProject
Project("{2150E333-8FDC-42A3-9474-1A3956D46DE8}") = "tests", "tests", "{ED8079DD-2B06-4030-9F0F-DC548F98E1C4}"
EndProject
Project("{F2A71F9B-5D33-465A-A702-920D77279786}") = "FSCL.Compiler.Tests", "tests\FSCL.Compiler.Tests\FSCL.Compiler.Tests.fsproj", "{E789C72A-5CFD-436B-8EF1-61AA2852A89F}"
EndProject
Project("{F2A71F9B-5D33-465A-A702-920D77279786}") = "FSCL.Compiler.Core", "src\FSCL.Compiler.Core\FSCL.Compiler.Core.fsproj", "{D052E6CA-4C6C-4792-ACEB-4D2633CEB37B}"
EndProject
Project("{F2A71F9B-5D33-465A-A702-920D77279786}") = "FSCL.Compiler.Language", "src\FSCL.Compiler.Language\FSCL.Compiler.Language.fsproj", "{9B069191-A1B7-42BA-90AB-D4C8778476ED}"
EndProject
Project("{F2A71F9B-5D33-465A-A702-920D77279786}") = "FSCL.Compiler.Util", "src\FSCL.Compiler.Util\FSCL.Compiler.Util.fsproj", "{F4773F51-5F89-4631-860E-81CAFB2A9AF5}"
EndProject
Project("{F2A71F9B-5D33-465A-A702-920D77279786}") = "FSCL.Compiler.NativeComponents", "src\FSCL.Compiler.NativeComponents\FSCL.Compiler.NativeComponents.fsproj", "{CCF44AF6-BB48-462B-9F82-5D8478244A64}"
EndProject
Project("{F2A71F9B-5D33-465A-A702-920D77279786}") = "ConsoleApplication1", "ConsoleApplication1\ConsoleApplication1.fsproj", "{8042F832-96E5-49B5-8098-EA57B2E3EE58}"
EndProject
Global
	GlobalSection(SolutionConfigurationPlatforms) = preSolution
		Debug|Any CPU = Debug|Any CPU
		Release|Any CPU = Release|Any CPU
	EndGlobalSection
	GlobalSection(ProjectConfigurationPlatforms) = postSolution
		{52B857C3-C0D3-4280-B094-20FCE4BAD4B9}.Debug|Any CPU.ActiveCfg = Debug|Any CPU
		{52B857C3-C0D3-4280-B094-20FCE4BAD4B9}.Debug|Any CPU.Build.0 = Debug|Any CPU
		{52B857C3-C0D3-4280-B094-20FCE4BAD4B9}.Release|Any CPU.ActiveCfg = Release|Any CPU
		{52B857C3-C0D3-4280-B094-20FCE4BAD4B9}.Release|Any CPU.Build.0 = Release|Any CPU
		{E789C72A-5CFD-436B-8EF1-61AA2852A89F}.Debug|Any CPU.ActiveCfg = Debug|Any CPU
		{E789C72A-5CFD-436B-8EF1-61AA2852A89F}.Debug|Any CPU.Build.0 = Debug|Any CPU
		{E789C72A-5CFD-436B-8EF1-61AA2852A89F}.Release|Any CPU.ActiveCfg = Release|Any CPU
		{E789C72A-5CFD-436B-8EF1-61AA2852A89F}.Release|Any CPU.Build.0 = Release|Any CPU
		{D052E6CA-4C6C-4792-ACEB-4D2633CEB37B}.Debug|Any CPU.ActiveCfg = Debug|Any CPU
		{D052E6CA-4C6C-4792-ACEB-4D2633CEB37B}.Debug|Any CPU.Build.0 = Debug|Any CPU
		{D052E6CA-4C6C-4792-ACEB-4D2633CEB37B}.Release|Any CPU.ActiveCfg = Release|Any CPU
		{D052E6CA-4C6C-4792-ACEB-4D2633CEB37B}.Release|Any CPU.Build.0 = Release|Any CPU
		{9B069191-A1B7-42BA-90AB-D4C8778476ED}.Debug|Any CPU.ActiveCfg = Debug|Any CPU
		{9B069191-A1B7-42BA-90AB-D4C8778476ED}.Debug|Any CPU.Build.0 = Debug|Any CPU
		{9B069191-A1B7-42BA-90AB-D4C8778476ED}.Release|Any CPU.ActiveCfg = Release|Any CPU
		{9B069191-A1B7-42BA-90AB-D4C8778476ED}.Release|Any CPU.Build.0 = Release|Any CPU
		{F4773F51-5F89-4631-860E-81CAFB2A9AF5}.Debug|Any CPU.ActiveCfg = Debug|Any CPU
		{F4773F51-5F89-4631-860E-81CAFB2A9AF5}.Debug|Any CPU.Build.0 = Debug|Any CPU
		{F4773F51-5F89-4631-860E-81CAFB2A9AF5}.Release|Any CPU.ActiveCfg = Release|Any CPU
		{F4773F51-5F89-4631-860E-81CAFB2A9AF5}.Release|Any CPU.Build.0 = Release|Any CPU
		{CCF44AF6-BB48-462B-9F82-5D8478244A64}.Debug|Any CPU.ActiveCfg = Debug|Any CPU
		{CCF44AF6-BB48-462B-9F82-5D8478244A64}.Debug|Any CPU.Build.0 = Debug|Any CPU
		{CCF44AF6-BB48-462B-9F82-5D8478244A64}.Release|Any CPU.ActiveCfg = Release|Any CPU
		{CCF44AF6-BB48-462B-9F82-5D8478244A64}.Release|Any CPU.Build.0 = Release|Any CPU
		{8042F832-96E5-49B5-8098-EA57B2E3EE58}.Debug|Any CPU.ActiveCfg = Debug|Any CPU
		{8042F832-96E5-49B5-8098-EA57B2E3EE58}.Debug|Any CPU.Build.0 = Debug|Any CPU
		{8042F832-96E5-49B5-8098-EA57B2E3EE58}.Release|Any CPU.ActiveCfg = Release|Any CPU
		{8042F832-96E5-49B5-8098-EA57B2E3EE58}.Release|Any CPU.Build.0 = Release|Any CPU
	EndGlobalSection
	GlobalSection(SolutionProperties) = preSolution
		HideSolutionNode = FALSE
	EndGlobalSection
	GlobalSection(NestedProjects) = preSolution
		{83F16175-43B1-4C90-A1EE-8E351C33435D} = {A6A6AF7D-D6E3-442D-9B1E-58CC91879BE1}
		{8E6D5255-776D-4B61-85F9-73C37AA1FB9A} = {A6A6AF7D-D6E3-442D-9B1E-58CC91879BE1}
		{E789C72A-5CFD-436B-8EF1-61AA2852A89F} = {ED8079DD-2B06-4030-9F0F-DC548F98E1C4}
	EndGlobalSection
EndGlobal
