
Microsoft Visual Studio Solution File, Format Version 12.00
# Visual Studio 2012
Project("{2150E333-8FDC-42A3-9474-1A3956D46DE8}") = "Core", "Core", "{E1CF796E-53C6-4FC7-B8EB-35C7CF28B84B}"
EndProject
Project("{4925A630-B079-445d-BCD4-3A9C94FE9307}") = "FSCL.Compiler.Core.Language", "Language\FSCL.Compiler.Core.Language.fsproj", "{02CC39BD-A326-49F6-B5E6-2987EADA1BA2}"
EndProject
Project("{4925A630-B079-445d-BCD4-3A9C94FE9307}") = "FSCL.Compiler.Core.Util", "Util\FSCL.Compiler.Core.Util.fsproj", "{2089BA93-E786-42E3-B717-58105C53BB7A}"
EndProject
Project("{2150E333-8FDC-42A3-9474-1A3956D46DE8}") = "NativeComponents", "NativeComponents", "{DC59306B-CD79-4EB2-A91F-250007A886EB}"
EndProject
Project("{4925A630-B079-445d-BCD4-3A9C94FE9307}") = "FSCL.Compiler.Core.FunctionCodegen", "NativeComponents\FunctionCodegen\FSCL.Compiler.Core.FunctionCodegen.fsproj", "A0EB369A-A29E-4BB9-8B16-CF406E42F534"
EndProject
Project("{4925A630-B079-445d-BCD4-3A9C94FE9307}") = "FSCL.Compiler.Core.FunctionPreprocessing", "NativeComponents\FunctionPreprocessing\FSCL.Compiler.Core.FunctionPreprocessing.fsproj", "ED8C50CD-4155-4D3A-A682-76757FB2B8D7"
EndProject
Project("{4925A630-B079-445d-BCD4-3A9C94FE9307}") = "FSCL.Compiler.Core.FunctionTransformation", "NativeComponents\FunctionTransformation\FSCL.Compiler.Core.FunctionTransformation.fsproj", "76611CB9-7F4F-4842-BEE6-03EECAF79894"
EndProject
Project("{4925A630-B079-445d-BCD4-3A9C94FE9307}") = "FSCL.Compiler.Core.ModuleCodegen", "NativeComponents\ModuleCodegen\FSCL.Compiler.Core.ModuleCodegen.fsproj", "431CB9ED-C613-46BE-AD84-B4A0D8532487"
EndProject
Project("{4925A630-B079-445d-BCD4-3A9C94FE9307}") = "FSCL.Compiler.Core.ModuleParsing", "NativeComponents\ModuleParsing\FSCL.Compiler.Core.ModuleParsing.fsproj", "A42DA267-4D0E-4F14-A7E0-F2F9AB587005"
EndProject
Project("{4925A630-B079-445d-BCD4-3A9C94FE9307}") = "FSCL.Compiler.Core.ModulePreprocessing", "NativeComponents\ModulePreprocessing\FSCL.Compiler.Core.ModulePreprocessing.fsproj", "898F5EC0-3903-40E0-98BD-EE2E5746620F"
EndProject
Project("{4925A630-B079-445d-BCD4-3A9C94FE9307}") = "FSCL.Compiler.Core.VectorTypes", "VectorTypes\FSCL.Compiler.Core.VectorTypes.fsproj", "4E60E123-E793-4FED-A316-B0D6039764E8"
EndProject
Project("{4925A630-B079-445d-BCD4-3A9C94FE9307}") = "FSCL.Compiler.Core.Types", "Types\FSCL.Compiler.Core.Types.fsproj", "EC288651-4F88-44D7-9206-7A0260552ECC"
EndProject
Project("{4925A630-B079-445d-BCD4-3A9C94FE9307}") = "FSCL.Compiler.Core", "Core\FSCL.Compiler.Core.fsproj", "7635ADE1-AC00-4587-8117-3FAA15BE9318"
EndProject
Project("{2150E333-8FDC-42A3-9474-1A3956D46DE8}") = "Tools", "Tools", "{91BA3570-706A-45EC-BCCB-51BB45CCFE5C}"
EndProject
Project("{4925A630-B079-445d-BCD4-3A9C94FE9307}") = "FSCL.Compiler.Tools", "Tools\FSCL.Compiler.Tools.fsproj", "2581B89A-F555-48A7-94BE-9B21654901A7"
EndProject
Project("{2150E333-8FDC-42A3-9474-1A3956D46DE8}") = "Samples", "Samples", "{9FEBDD4B-5407-4E9F-92A5-DA6728EDCA59}"
EndProject
Project("{4925A630-B079-445d-BCD4-3A9C94FE9307}") = "AcceleratedArraySample", "Samples\AcceleratedArraySample\AcceleratedArraySample.fsproj", "81C780F7-9C08-4D0C-9849-93B2C65397F9"
EndProject
Project("{4925A630-B079-445d-BCD4-3A9C94FE9307}") = "CompilerConfigurationSample", "Samples\CompilerConfigurationSample\CompilerConfigurationSample.fsproj", "B97D9326-D6BA-4328-B015-01CA3F1C04F7"
EndProject
Project("{4925A630-B079-445d-BCD4-3A9C94FE9307}") = "KernelExpressionSample", "Samples\KernelExpressionSample\KernelExpressionSample.fsproj", "E2C0607B-13E5-4782-9B93-17F07A376337"
EndProject
Project("{4925A630-B079-445d-BCD4-3A9C94FE9307}") = "VectorTypeSample", "Samples\VectorTypeSample\VectorTypeSample.fsproj", "54A68199-9FDA-4077-97F5-313594FD4A63"
EndProject
Project("{4925A630-B079-445d-BCD4-3A9C94FE9307}") = "AlgorithmSample", "Samples\Sample\AlgorithmSample.fsproj", "05D3D829-9EEF-411D-BBF7-FE966B2D379B"
EndProject
Project("{2150E333-8FDC-42A3-9474-1A3956D46DE8}") = "Plugins", "Plugins", "{C6A5C3A0-AA7A-4D59-BDB2-599C2BF8ED21}"
EndProject
Project("{4925A630-B079-445d-BCD4-3A9C94FE9307}") = "FSCL.Compiler.AcceleratedCollections", "Plugins\AcceleratedCollections\FSCL.Compiler.AcceleratedCollections.fsproj", "5DA99AFC-09CC-4D46-9145-DDAD276BB68E"
EndProject
Project("{2150E333-8FDC-42A3-9474-1A3956D46DE8}") = "Documentation", "Documentation", "{104BC57D-4191-400D-A9FB-084229BE686A}"
EndProject
Project("{4925A630-B079-445d-BCD4-3A9C94FE9307}") = "FSCL.Compiler", "Compiler\FSCL.Compiler.fsproj", "5D7C3DB1-3300-455E-BF2A-3FB52BDC0595"
EndProject
Global
	GlobalSection(SolutionConfigurationPlatforms) = preSolution
		Debug|Any CPU = Debug|Any CPU
		Release|Any CPU = Release|Any CPU
	EndGlobalSection
	GlobalSection(ProjectConfigurationPlatforms) = postSolution
		{02CC39BD-A326-49F6-B5E6-2987EADA1BA2}.Debug|Any CPU.ActiveCfg = Debug|Any CPU
		{02CC39BD-A326-49F6-B5E6-2987EADA1BA2}.Debug|Any CPU.Build.0 = Debug|Any CPU
		{02CC39BD-A326-49F6-B5E6-2987EADA1BA2}.Release|Any CPU.ActiveCfg = Release|Any CPU
		{02CC39BD-A326-49F6-B5E6-2987EADA1BA2}.Release|Any CPU.Build.0 = Release|Any CPU
		{05D3D829-9EEF-411D-BBF7-FE966B2D379B}.Debug|Any CPU.ActiveCfg = Debug|Any CPU
		{05D3D829-9EEF-411D-BBF7-FE966B2D379B}.Debug|Any CPU.Build.0 = Debug|Any CPU
		{05D3D829-9EEF-411D-BBF7-FE966B2D379B}.Release|Any CPU.ActiveCfg = Release|Any CPU
		{05D3D829-9EEF-411D-BBF7-FE966B2D379B}.Release|Any CPU.Build.0 = Release|Any CPU
		{2089BA93-E786-42E3-B717-58105C53BB7A}.Debug|Any CPU.ActiveCfg = Debug|Any CPU
		{2089BA93-E786-42E3-B717-58105C53BB7A}.Debug|Any CPU.Build.0 = Debug|Any CPU
		{2089BA93-E786-42E3-B717-58105C53BB7A}.Release|Any CPU.ActiveCfg = Release|Any CPU
		{2089BA93-E786-42E3-B717-58105C53BB7A}.Release|Any CPU.Build.0 = Release|Any CPU
		{2581B89A-F555-48A7-94BE-9B21654901A7}.Debug|Any CPU.ActiveCfg = Debug|Any CPU
		{2581B89A-F555-48A7-94BE-9B21654901A7}.Debug|Any CPU.Build.0 = Debug|Any CPU
		{2581B89A-F555-48A7-94BE-9B21654901A7}.Release|Any CPU.ActiveCfg = Release|Any CPU
		{2581B89A-F555-48A7-94BE-9B21654901A7}.Release|Any CPU.Build.0 = Release|Any CPU
		{431CB9ED-C613-46BE-AD84-B4A0D8532487}.Debug|Any CPU.ActiveCfg = Debug|Any CPU
		{431CB9ED-C613-46BE-AD84-B4A0D8532487}.Debug|Any CPU.Build.0 = Debug|Any CPU
		{431CB9ED-C613-46BE-AD84-B4A0D8532487}.Release|Any CPU.ActiveCfg = Release|Any CPU
		{431CB9ED-C613-46BE-AD84-B4A0D8532487}.Release|Any CPU.Build.0 = Release|Any CPU
		{4E60E123-E793-4FED-A316-B0D6039764E8}.Debug|Any CPU.ActiveCfg = Debug|Any CPU
		{4E60E123-E793-4FED-A316-B0D6039764E8}.Debug|Any CPU.Build.0 = Debug|Any CPU
		{4E60E123-E793-4FED-A316-B0D6039764E8}.Release|Any CPU.ActiveCfg = Release|Any CPU
		{4E60E123-E793-4FED-A316-B0D6039764E8}.Release|Any CPU.Build.0 = Release|Any CPU
		{54A68199-9FDA-4077-97F5-313594FD4A63}.Debug|Any CPU.ActiveCfg = Debug|Any CPU
		{54A68199-9FDA-4077-97F5-313594FD4A63}.Debug|Any CPU.Build.0 = Debug|Any CPU
		{54A68199-9FDA-4077-97F5-313594FD4A63}.Release|Any CPU.ActiveCfg = Release|Any CPU
		{54A68199-9FDA-4077-97F5-313594FD4A63}.Release|Any CPU.Build.0 = Release|Any CPU
		{5D7C3DB1-3300-455E-BF2A-3FB52BDC0595}.Debug|Any CPU.ActiveCfg = Debug|Any CPU
		{5D7C3DB1-3300-455E-BF2A-3FB52BDC0595}.Debug|Any CPU.Build.0 = Debug|Any CPU
		{5D7C3DB1-3300-455E-BF2A-3FB52BDC0595}.Release|Any CPU.ActiveCfg = Release|Any CPU
		{5D7C3DB1-3300-455E-BF2A-3FB52BDC0595}.Release|Any CPU.Build.0 = Release|Any CPU
		{5DA99AFC-09CC-4D46-9145-DDAD276BB68E}.Debug|Any CPU.ActiveCfg = Debug|Any CPU
		{5DA99AFC-09CC-4D46-9145-DDAD276BB68E}.Debug|Any CPU.Build.0 = Debug|Any CPU
		{5DA99AFC-09CC-4D46-9145-DDAD276BB68E}.Release|Any CPU.ActiveCfg = Release|Any CPU
		{5DA99AFC-09CC-4D46-9145-DDAD276BB68E}.Release|Any CPU.Build.0 = Release|Any CPU
		{7635ADE1-AC00-4587-8117-3FAA15BE9318}.Debug|Any CPU.ActiveCfg = Debug|Any CPU
		{7635ADE1-AC00-4587-8117-3FAA15BE9318}.Debug|Any CPU.Build.0 = Debug|Any CPU
		{7635ADE1-AC00-4587-8117-3FAA15BE9318}.Release|Any CPU.ActiveCfg = Release|Any CPU
		{7635ADE1-AC00-4587-8117-3FAA15BE9318}.Release|Any CPU.Build.0 = Release|Any CPU
		{76611CB9-7F4F-4842-BEE6-03EECAF79894}.Debug|Any CPU.ActiveCfg = Debug|Any CPU
		{76611CB9-7F4F-4842-BEE6-03EECAF79894}.Debug|Any CPU.Build.0 = Debug|Any CPU
		{76611CB9-7F4F-4842-BEE6-03EECAF79894}.Release|Any CPU.ActiveCfg = Release|Any CPU
		{76611CB9-7F4F-4842-BEE6-03EECAF79894}.Release|Any CPU.Build.0 = Release|Any CPU
		{81C780F7-9C08-4D0C-9849-93B2C65397F9}.Debug|Any CPU.ActiveCfg = Debug|Any CPU
		{81C780F7-9C08-4D0C-9849-93B2C65397F9}.Debug|Any CPU.Build.0 = Debug|Any CPU
		{81C780F7-9C08-4D0C-9849-93B2C65397F9}.Release|Any CPU.ActiveCfg = Release|Any CPU
		{81C780F7-9C08-4D0C-9849-93B2C65397F9}.Release|Any CPU.Build.0 = Release|Any CPU
		{898F5EC0-3903-40E0-98BD-EE2E5746620F}.Debug|Any CPU.ActiveCfg = Debug|Any CPU
		{898F5EC0-3903-40E0-98BD-EE2E5746620F}.Debug|Any CPU.Build.0 = Debug|Any CPU
		{898F5EC0-3903-40E0-98BD-EE2E5746620F}.Release|Any CPU.ActiveCfg = Release|Any CPU
		{898F5EC0-3903-40E0-98BD-EE2E5746620F}.Release|Any CPU.Build.0 = Release|Any CPU
		{A0EB369A-A29E-4BB9-8B16-CF406E42F534}.Debug|Any CPU.ActiveCfg = Debug|Any CPU
		{A0EB369A-A29E-4BB9-8B16-CF406E42F534}.Debug|Any CPU.Build.0 = Debug|Any CPU
		{A0EB369A-A29E-4BB9-8B16-CF406E42F534}.Release|Any CPU.ActiveCfg = Release|Any CPU
		{A0EB369A-A29E-4BB9-8B16-CF406E42F534}.Release|Any CPU.Build.0 = Release|Any CPU
		{A42DA267-4D0E-4F14-A7E0-F2F9AB587005}.Debug|Any CPU.ActiveCfg = Debug|Any CPU
		{A42DA267-4D0E-4F14-A7E0-F2F9AB587005}.Debug|Any CPU.Build.0 = Debug|Any CPU
		{A42DA267-4D0E-4F14-A7E0-F2F9AB587005}.Release|Any CPU.ActiveCfg = Release|Any CPU
		{A42DA267-4D0E-4F14-A7E0-F2F9AB587005}.Release|Any CPU.Build.0 = Release|Any CPU
		{B97D9326-D6BA-4328-B015-01CA3F1C04F7}.Debug|Any CPU.ActiveCfg = Debug|Any CPU
		{B97D9326-D6BA-4328-B015-01CA3F1C04F7}.Debug|Any CPU.Build.0 = Debug|Any CPU
		{B97D9326-D6BA-4328-B015-01CA3F1C04F7}.Release|Any CPU.ActiveCfg = Release|Any CPU
		{B97D9326-D6BA-4328-B015-01CA3F1C04F7}.Release|Any CPU.Build.0 = Release|Any CPU
		{E2C0607B-13E5-4782-9B93-17F07A376337}.Debug|Any CPU.ActiveCfg = Debug|Any CPU
		{E2C0607B-13E5-4782-9B93-17F07A376337}.Debug|Any CPU.Build.0 = Debug|Any CPU
		{E2C0607B-13E5-4782-9B93-17F07A376337}.Release|Any CPU.ActiveCfg = Release|Any CPU
		{E2C0607B-13E5-4782-9B93-17F07A376337}.Release|Any CPU.Build.0 = Release|Any CPU
		{EC288651-4F88-44D7-9206-7A0260552ECC}.Debug|Any CPU.ActiveCfg = Debug|Any CPU
		{EC288651-4F88-44D7-9206-7A0260552ECC}.Debug|Any CPU.Build.0 = Debug|Any CPU
		{EC288651-4F88-44D7-9206-7A0260552ECC}.Release|Any CPU.ActiveCfg = Release|Any CPU
		{EC288651-4F88-44D7-9206-7A0260552ECC}.Release|Any CPU.Build.0 = Release|Any CPU
		{ED8C50CD-4155-4D3A-A682-76757FB2B8D7}.Debug|Any CPU.ActiveCfg = Debug|Any CPU
		{ED8C50CD-4155-4D3A-A682-76757FB2B8D7}.Debug|Any CPU.Build.0 = Debug|Any CPU
		{ED8C50CD-4155-4D3A-A682-76757FB2B8D7}.Release|Any CPU.ActiveCfg = Release|Any CPU
		{ED8C50CD-4155-4D3A-A682-76757FB2B8D7}.Release|Any CPU.Build.0 = Release|Any CPU
		{05D3D829-9EEF-411D-BBF7-FE966B2D379B}.Debug|Any CPU.ActiveCfg = Debug|Any CPU
		{05D3D829-9EEF-411D-BBF7-FE966B2D379B}.Debug|Any CPU.Build.0 = Debug|Any CPU
		{05D3D829-9EEF-411D-BBF7-FE966B2D379B}.Release|Any CPU.ActiveCfg = Release|Any CPU
		{05D3D829-9EEF-411D-BBF7-FE966B2D379B}.Release|Any CPU.Build.0 = Release|Any CPU
		{2581B89A-F555-48A7-94BE-9B21654901A7}.Debug|Any CPU.ActiveCfg = Debug|Any CPU
		{2581B89A-F555-48A7-94BE-9B21654901A7}.Debug|Any CPU.Build.0 = Debug|Any CPU
		{2581B89A-F555-48A7-94BE-9B21654901A7}.Release|Any CPU.ActiveCfg = Release|Any CPU
		{2581B89A-F555-48A7-94BE-9B21654901A7}.Release|Any CPU.Build.0 = Release|Any CPU
		{431CB9ED-C613-46BE-AD84-B4A0D8532487}.Debug|Any CPU.ActiveCfg = Debug|Any CPU
		{431CB9ED-C613-46BE-AD84-B4A0D8532487}.Debug|Any CPU.Build.0 = Debug|Any CPU
		{431CB9ED-C613-46BE-AD84-B4A0D8532487}.Release|Any CPU.ActiveCfg = Release|Any CPU
		{431CB9ED-C613-46BE-AD84-B4A0D8532487}.Release|Any CPU.Build.0 = Release|Any CPU
		{54A68199-9FDA-4077-97F5-313594FD4A63}.Debug|Any CPU.ActiveCfg = Debug|Any CPU
		{54A68199-9FDA-4077-97F5-313594FD4A63}.Debug|Any CPU.Build.0 = Debug|Any CPU
		{54A68199-9FDA-4077-97F5-313594FD4A63}.Release|Any CPU.ActiveCfg = Release|Any CPU
		{54A68199-9FDA-4077-97F5-313594FD4A63}.Release|Any CPU.Build.0 = Release|Any CPU
		{5D7C3DB1-3300-455E-BF2A-3FB52BDC0595}.Debug|Any CPU.ActiveCfg = Debug|Any CPU
		{5D7C3DB1-3300-455E-BF2A-3FB52BDC0595}.Debug|Any CPU.Build.0 = Debug|Any CPU
		{5D7C3DB1-3300-455E-BF2A-3FB52BDC0595}.Release|Any CPU.ActiveCfg = Release|Any CPU
		{5D7C3DB1-3300-455E-BF2A-3FB52BDC0595}.Release|Any CPU.Build.0 = Release|Any CPU
		{5DA99AFC-09CC-4D46-9145-DDAD276BB68E}.Debug|Any CPU.ActiveCfg = Debug|Any CPU
		{5DA99AFC-09CC-4D46-9145-DDAD276BB68E}.Debug|Any CPU.Build.0 = Debug|Any CPU
		{5DA99AFC-09CC-4D46-9145-DDAD276BB68E}.Release|Any CPU.ActiveCfg = Release|Any CPU
		{5DA99AFC-09CC-4D46-9145-DDAD276BB68E}.Release|Any CPU.Build.0 = Release|Any CPU
		{7635ADE1-AC00-4587-8117-3FAA15BE9318}.Debug|Any CPU.ActiveCfg = Debug|Any CPU
		{7635ADE1-AC00-4587-8117-3FAA15BE9318}.Debug|Any CPU.Build.0 = Debug|Any CPU
		{7635ADE1-AC00-4587-8117-3FAA15BE9318}.Release|Any CPU.ActiveCfg = Release|Any CPU
		{7635ADE1-AC00-4587-8117-3FAA15BE9318}.Release|Any CPU.Build.0 = Release|Any CPU
		{76611CB9-7F4F-4842-BEE6-03EECAF79894}.Debug|Any CPU.ActiveCfg = Debug|Any CPU
		{76611CB9-7F4F-4842-BEE6-03EECAF79894}.Debug|Any CPU.Build.0 = Debug|Any CPU
		{76611CB9-7F4F-4842-BEE6-03EECAF79894}.Release|Any CPU.ActiveCfg = Release|Any CPU
		{76611CB9-7F4F-4842-BEE6-03EECAF79894}.Release|Any CPU.Build.0 = Release|Any CPU
		{81C780F7-9C08-4D0C-9849-93B2C65397F9}.Debug|Any CPU.ActiveCfg = Debug|Any CPU
		{81C780F7-9C08-4D0C-9849-93B2C65397F9}.Debug|Any CPU.Build.0 = Debug|Any CPU
		{81C780F7-9C08-4D0C-9849-93B2C65397F9}.Release|Any CPU.ActiveCfg = Release|Any CPU
		{81C780F7-9C08-4D0C-9849-93B2C65397F9}.Release|Any CPU.Build.0 = Release|Any CPU
		{898F5EC0-3903-40E0-98BD-EE2E5746620F}.Debug|Any CPU.ActiveCfg = Debug|Any CPU
		{898F5EC0-3903-40E0-98BD-EE2E5746620F}.Debug|Any CPU.Build.0 = Debug|Any CPU
		{898F5EC0-3903-40E0-98BD-EE2E5746620F}.Release|Any CPU.ActiveCfg = Release|Any CPU
		{898F5EC0-3903-40E0-98BD-EE2E5746620F}.Release|Any CPU.Build.0 = Release|Any CPU
		{A0EB369A-A29E-4BB9-8B16-CF406E42F534}.Debug|Any CPU.ActiveCfg = Debug|Any CPU
		{A0EB369A-A29E-4BB9-8B16-CF406E42F534}.Debug|Any CPU.Build.0 = Debug|Any CPU
		{A0EB369A-A29E-4BB9-8B16-CF406E42F534}.Release|Any CPU.ActiveCfg = Release|Any CPU
		{A0EB369A-A29E-4BB9-8B16-CF406E42F534}.Release|Any CPU.Build.0 = Release|Any CPU
		{A42DA267-4D0E-4F14-A7E0-F2F9AB587005}.Debug|Any CPU.ActiveCfg = Debug|Any CPU
		{A42DA267-4D0E-4F14-A7E0-F2F9AB587005}.Debug|Any CPU.Build.0 = Debug|Any CPU
		{A42DA267-4D0E-4F14-A7E0-F2F9AB587005}.Release|Any CPU.ActiveCfg = Release|Any CPU
		{A42DA267-4D0E-4F14-A7E0-F2F9AB587005}.Release|Any CPU.Build.0 = Release|Any CPU
		{B97D9326-D6BA-4328-B015-01CA3F1C04F7}.Debug|Any CPU.ActiveCfg = Debug|Any CPU
		{B97D9326-D6BA-4328-B015-01CA3F1C04F7}.Debug|Any CPU.Build.0 = Debug|Any CPU
		{B97D9326-D6BA-4328-B015-01CA3F1C04F7}.Release|Any CPU.ActiveCfg = Release|Any CPU
		{B97D9326-D6BA-4328-B015-01CA3F1C04F7}.Release|Any CPU.Build.0 = Release|Any CPU
		{E2C0607B-13E5-4782-9B93-17F07A376337}.Debug|Any CPU.ActiveCfg = Debug|Any CPU
		{E2C0607B-13E5-4782-9B93-17F07A376337}.Debug|Any CPU.Build.0 = Debug|Any CPU
		{E2C0607B-13E5-4782-9B93-17F07A376337}.Release|Any CPU.ActiveCfg = Release|Any CPU
		{E2C0607B-13E5-4782-9B93-17F07A376337}.Release|Any CPU.Build.0 = Release|Any CPU
		{EC288651-4F88-44D7-9206-7A0260552ECC}.Debug|Any CPU.ActiveCfg = Debug|Any CPU
		{EC288651-4F88-44D7-9206-7A0260552ECC}.Debug|Any CPU.Build.0 = Debug|Any CPU
		{EC288651-4F88-44D7-9206-7A0260552ECC}.Release|Any CPU.ActiveCfg = Release|Any CPU
		{EC288651-4F88-44D7-9206-7A0260552ECC}.Release|Any CPU.Build.0 = Release|Any CPU
		{ED8C50CD-4155-4D3A-A682-76757FB2B8D7}.Debug|Any CPU.ActiveCfg = Debug|Any CPU
		{ED8C50CD-4155-4D3A-A682-76757FB2B8D7}.Debug|Any CPU.Build.0 = Debug|Any CPU
		{ED8C50CD-4155-4D3A-A682-76757FB2B8D7}.Release|Any CPU.ActiveCfg = Release|Any CPU
		{ED8C50CD-4155-4D3A-A682-76757FB2B8D7}.Release|Any CPU.Build.0 = Release|Any CPU
	EndGlobalSection
	GlobalSection(NestedProjects) = preSolution
		{02CC39BD-A326-49F6-B5E6-2987EADA1BA2} = {E1CF796E-53C6-4FC7-B8EB-35C7CF28B84B}
		{2089BA93-E786-42E3-B717-58105C53BB7A} = {E1CF796E-53C6-4FC7-B8EB-35C7CF28B84B}
		{DC59306B-CD79-4EB2-A91F-250007A886EB} = {E1CF796E-53C6-4FC7-B8EB-35C7CF28B84B}
		4E60E123-E793-4FED-A316-B0D6039764E8 = {E1CF796E-53C6-4FC7-B8EB-35C7CF28B84B}
		EC288651-4F88-44D7-9206-7A0260552ECC = {E1CF796E-53C6-4FC7-B8EB-35C7CF28B84B}
		7635ADE1-AC00-4587-8117-3FAA15BE9318 = {E1CF796E-53C6-4FC7-B8EB-35C7CF28B84B}
		A0EB369A-A29E-4BB9-8B16-CF406E42F534 = {DC59306B-CD79-4EB2-A91F-250007A886EB}
		ED8C50CD-4155-4D3A-A682-76757FB2B8D7 = {DC59306B-CD79-4EB2-A91F-250007A886EB}
		76611CB9-7F4F-4842-BEE6-03EECAF79894 = {DC59306B-CD79-4EB2-A91F-250007A886EB}
		431CB9ED-C613-46BE-AD84-B4A0D8532487 = {DC59306B-CD79-4EB2-A91F-250007A886EB}
		A42DA267-4D0E-4F14-A7E0-F2F9AB587005 = {DC59306B-CD79-4EB2-A91F-250007A886EB}
		898F5EC0-3903-40E0-98BD-EE2E5746620F = {DC59306B-CD79-4EB2-A91F-250007A886EB}
		2581B89A-F555-48A7-94BE-9B21654901A7 = {91BA3570-706A-45EC-BCCB-51BB45CCFE5C}
		81C780F7-9C08-4D0C-9849-93B2C65397F9 = {9FEBDD4B-5407-4E9F-92A5-DA6728EDCA59}
		B97D9326-D6BA-4328-B015-01CA3F1C04F7 = {9FEBDD4B-5407-4E9F-92A5-DA6728EDCA59}
		E2C0607B-13E5-4782-9B93-17F07A376337 = {9FEBDD4B-5407-4E9F-92A5-DA6728EDCA59}
		54A68199-9FDA-4077-97F5-313594FD4A63 = {9FEBDD4B-5407-4E9F-92A5-DA6728EDCA59}
		05D3D829-9EEF-411D-BBF7-FE966B2D379B = {9FEBDD4B-5407-4E9F-92A5-DA6728EDCA59}
		5DA99AFC-09CC-4D46-9145-DDAD276BB68E = {C6A5C3A0-AA7A-4D59-BDB2-599C2BF8ED21}
	EndGlobalSection
	GlobalSection(MonoDevelopProperties) = preSolution
		StartupItem = Language\FSCL.Compiler.Core.Language.fsproj
	EndGlobalSection
	GlobalSection(SolutionProperties) = preSolution
		HideSolutionNode = FALSE
	EndGlobalSection
EndGlobal
