
Microsoft Visual Studio Solution File, Format Version 12.00
# Visual Studio 2012
Project("{F2A71F9B-5D33-465A-A702-920D77279786}") = "FSCL.Compiler.Core", "FSCL.Compiler.Core.fsproj", "{7635ADE1-AC00-4587-8117-3FAA15BE9318}"
EndProject
Project("{F2A71F9B-5D33-465A-A702-920D77279786}") = "FSCL.Compiler.Core.FunctionPreprocessing", "..\FSCL.Compiler.Core.FunctionPreprocessing\FSCL.Compiler.Core.FunctionPreprocessing.fsproj", "{ED8C50CD-4155-4D3A-A682-76757FB2B8D7}"
EndProject
Project("{F2A71F9B-5D33-465A-A702-920D77279786}") = "FSCL.Compiler.Core.FunctionPrettyPrinting", "..\FSCL.Compiler.Core.FunctionPrettyPrinting\FSCL.Compiler.Core.FunctionPrettyPrinting.fsproj", "{A0EB369A-A29E-4BB9-8B16-CF406E42F534}"
EndProject
Project("{F2A71F9B-5D33-465A-A702-920D77279786}") = "FSCL.Compiler.Core.FunctionTransformation", "..\FSCL.Compiler.Core.FunctionTransformation\FSCL.Compiler.Core.FunctionTransformation.fsproj", "{76611CB9-7F4F-4842-BEE6-03EECAF79894}"
EndProject
Project("{F2A71F9B-5D33-465A-A702-920D77279786}") = "FSCL.Compiler.Core.Language", "..\FSCL.Compiler.Core.Language\FSCL.Compiler.Core.Language.fsproj", "{AC3A5D28-9206-41DC-B546-4D91217253A5}"
EndProject
Project("{F2A71F9B-5D33-465A-A702-920D77279786}") = "FSCL.Compiler.Core.ModuleParsing", "..\FSCL.Compiler.Core.ModuleParsing\FSCL.Compiler.Core.ModuleParsing.fsproj", "{A42DA267-4D0E-4F14-A7E0-F2F9AB587005}"
EndProject
Project("{F2A71F9B-5D33-465A-A702-920D77279786}") = "FSCL.Compiler.Core.ModulePreprocessing", "..\FSCL.Compiler.Core.ModulePreprocessing\FSCL.Compiler.Core.ModulePreprocessing.fsproj", "{898F5EC0-3903-40E0-98BD-EE2E5746620F}"
EndProject
Project("{F2A71F9B-5D33-465A-A702-920D77279786}") = "FSCL.Compiler.Core.ModulePrettyPrinting", "..\FSCL.Compiler.Core.ModulePrettyPrinting\FSCL.Compiler.Core.ModulePrettyPrinting.fsproj", "{431CB9ED-C613-46BE-AD84-B4A0D8532487}"
EndProject
Project("{F2A71F9B-5D33-465A-A702-920D77279786}") = "FSCL.Compiler.Core.Types", "..\FSCL.Compiler.Core.Types\FSCL.Compiler.Core.Types.fsproj", "{EC288651-4F88-44D7-9206-7A0260552ECC}"
EndProject
Project("{F2A71F9B-5D33-465A-A702-920D77279786}") = "FSCL.Compiler.Core.Util", "..\FSCL.Compiler.Core.Util\FSCL.Compiler.Core.Util.fsproj", "{4E34127E-86C3-48B8-9E7E-7D7C72DBC856}"
EndProject
Global
	GlobalSection(SolutionConfigurationPlatforms) = preSolution
		Debug|Any CPU = Debug|Any CPU
		Release|Any CPU = Release|Any CPU
	EndGlobalSection
	GlobalSection(ProjectConfigurationPlatforms) = postSolution
		{7635ADE1-AC00-4587-8117-3FAA15BE9318}.Debug|Any CPU.ActiveCfg = Debug|Any CPU
		{7635ADE1-AC00-4587-8117-3FAA15BE9318}.Debug|Any CPU.Build.0 = Debug|Any CPU
		{7635ADE1-AC00-4587-8117-3FAA15BE9318}.Release|Any CPU.ActiveCfg = Release|Any CPU
		{7635ADE1-AC00-4587-8117-3FAA15BE9318}.Release|Any CPU.Build.0 = Release|Any CPU
		{ED8C50CD-4155-4D3A-A682-76757FB2B8D7}.Debug|Any CPU.ActiveCfg = Debug|Any CPU
		{ED8C50CD-4155-4D3A-A682-76757FB2B8D7}.Debug|Any CPU.Build.0 = Debug|Any CPU
		{ED8C50CD-4155-4D3A-A682-76757FB2B8D7}.Release|Any CPU.ActiveCfg = Release|Any CPU
		{ED8C50CD-4155-4D3A-A682-76757FB2B8D7}.Release|Any CPU.Build.0 = Release|Any CPU
		{A0EB369A-A29E-4BB9-8B16-CF406E42F534}.Debug|Any CPU.ActiveCfg = Debug|Any CPU
		{A0EB369A-A29E-4BB9-8B16-CF406E42F534}.Debug|Any CPU.Build.0 = Debug|Any CPU
		{A0EB369A-A29E-4BB9-8B16-CF406E42F534}.Release|Any CPU.ActiveCfg = Release|Any CPU
		{A0EB369A-A29E-4BB9-8B16-CF406E42F534}.Release|Any CPU.Build.0 = Release|Any CPU
		{76611CB9-7F4F-4842-BEE6-03EECAF79894}.Debug|Any CPU.ActiveCfg = Debug|Any CPU
		{76611CB9-7F4F-4842-BEE6-03EECAF79894}.Debug|Any CPU.Build.0 = Debug|Any CPU
		{76611CB9-7F4F-4842-BEE6-03EECAF79894}.Release|Any CPU.ActiveCfg = Release|Any CPU
		{76611CB9-7F4F-4842-BEE6-03EECAF79894}.Release|Any CPU.Build.0 = Release|Any CPU
		{AC3A5D28-9206-41DC-B546-4D91217253A5}.Debug|Any CPU.ActiveCfg = Debug|Any CPU
		{AC3A5D28-9206-41DC-B546-4D91217253A5}.Debug|Any CPU.Build.0 = Debug|Any CPU
		{AC3A5D28-9206-41DC-B546-4D91217253A5}.Release|Any CPU.ActiveCfg = Release|Any CPU
		{AC3A5D28-9206-41DC-B546-4D91217253A5}.Release|Any CPU.Build.0 = Release|Any CPU
		{A42DA267-4D0E-4F14-A7E0-F2F9AB587005}.Debug|Any CPU.ActiveCfg = Debug|Any CPU
		{A42DA267-4D0E-4F14-A7E0-F2F9AB587005}.Debug|Any CPU.Build.0 = Debug|Any CPU
		{A42DA267-4D0E-4F14-A7E0-F2F9AB587005}.Release|Any CPU.ActiveCfg = Release|Any CPU
		{A42DA267-4D0E-4F14-A7E0-F2F9AB587005}.Release|Any CPU.Build.0 = Release|Any CPU
		{898F5EC0-3903-40E0-98BD-EE2E5746620F}.Debug|Any CPU.ActiveCfg = Debug|Any CPU
		{898F5EC0-3903-40E0-98BD-EE2E5746620F}.Debug|Any CPU.Build.0 = Debug|Any CPU
		{898F5EC0-3903-40E0-98BD-EE2E5746620F}.Release|Any CPU.ActiveCfg = Release|Any CPU
		{898F5EC0-3903-40E0-98BD-EE2E5746620F}.Release|Any CPU.Build.0 = Release|Any CPU
		{431CB9ED-C613-46BE-AD84-B4A0D8532487}.Debug|Any CPU.ActiveCfg = Debug|Any CPU
		{431CB9ED-C613-46BE-AD84-B4A0D8532487}.Debug|Any CPU.Build.0 = Debug|Any CPU
		{431CB9ED-C613-46BE-AD84-B4A0D8532487}.Release|Any CPU.ActiveCfg = Release|Any CPU
		{431CB9ED-C613-46BE-AD84-B4A0D8532487}.Release|Any CPU.Build.0 = Release|Any CPU
		{EC288651-4F88-44D7-9206-7A0260552ECC}.Debug|Any CPU.ActiveCfg = Debug|Any CPU
		{EC288651-4F88-44D7-9206-7A0260552ECC}.Debug|Any CPU.Build.0 = Debug|Any CPU
		{EC288651-4F88-44D7-9206-7A0260552ECC}.Release|Any CPU.ActiveCfg = Release|Any CPU
		{EC288651-4F88-44D7-9206-7A0260552ECC}.Release|Any CPU.Build.0 = Release|Any CPU
		{4E34127E-86C3-48B8-9E7E-7D7C72DBC856}.Debug|Any CPU.ActiveCfg = Debug|Any CPU
		{4E34127E-86C3-48B8-9E7E-7D7C72DBC856}.Debug|Any CPU.Build.0 = Debug|Any CPU
		{4E34127E-86C3-48B8-9E7E-7D7C72DBC856}.Release|Any CPU.ActiveCfg = Release|Any CPU
		{4E34127E-86C3-48B8-9E7E-7D7C72DBC856}.Release|Any CPU.Build.0 = Release|Any CPU
	EndGlobalSection
	GlobalSection(SolutionProperties) = preSolution
		HideSolutionNode = FALSE
	EndGlobalSection
EndGlobal
